# This file is automatically @generated by Cargo.
# It is not intended for manual editing.
version = 4

[[package]]
name = "bwu-agent"
version = "0.1.0"
dependencies = [
 "bwu-core",
]

[[package]]
name = "bwu-cli"
version = "0.1.0"
dependencies = [
 "bwu-core",
]

[[package]]
name = "bwu-core"
version = "0.1.0"
dependencies = [
 "zeroize",
]

[[package]]
name = "zeroize"
version = "1.9.0"
source = "registry+https://github.com/rust-lang/crates.io-index"
checksum = "e13c156562582aa81c60cb29407084cdb54c4164760106ab78e6c5b0858cf64e"
