# This file is automatically @generated by Cargo.
# It is not intended for manual editing.
version = 4

[[package]]
name = "bwu-agent"
version = "0.1.0"
dependencies = [
 "bwu-core",
]

[[package]]
name = "bwu-cli"
version = "0.1.0"
dependencies = [
 "bwu-core",
]

[[package]]
name = "bwu-core"
version = "0.1.0"
